// !$*UTF8*$!
{
	archiveVersion = 1;
	classes = {
	};
	objectVersion = 50;
	objects = {

/* Begin PBXBuildFile section */
		22D341D4211861AF00F44B6D /* AppDelegate.swift in Sources */ = {isa = PBXBuildFile; fileRef = 22D341D3211861AF00F44B6D /* AppDelegate.swift */; };
		22D341D6211861AF00F44B6D /* ViewController.swift in Sources */ = {isa = PBXBuildFile; fileRef = 22D341D5211861AF00F44B6D /* ViewController.swift */; };
		22D341D9211861AF00F44B6D /* Main.storyboard in Resources */ = {isa = PBXBuildFile; fileRef = 22D341D7211861AF00F44B6D /* Main.storyboard */; };
		22D341DB211861B100F44B6D /* Assets.xcassets in Resources */ = {isa = PBXBuildFile; fileRef = 22D341DA211861B100F44B6D /* Assets.xcassets */; };
		22D341DE211861B100F44B6D /* LaunchScreen.storyboard in Resources */ = {isa = PBXBuildFile; fileRef = 22D341DC211861B100F44B6D /* LaunchScreen.storyboard */; };
		22D341E9211861B100F44B6D /* UsersAppTests.swift in Sources */ = {isa = PBXBuildFile; fileRef = 22D341E8211861B100F44B6D /* UsersAppTests.swift */; };
		22D34201211861EA00F44B6D /* Domain.framework in Frameworks */ = {isa = PBXBuildFile; fileRef = 22D341F8211861EA00F44B6D /* Domain.framework */; };
		22D34208211861EA00F44B6D /* DomainTests.swift in Sources */ = {isa = PBXBuildFile; fileRef = 22D34207211861EA00F44B6D /* DomainTests.swift */; };
		22D3420A211861EA00F44B6D /* Domain.h in Headers */ = {isa = PBXBuildFile; fileRef = 22D341FA211861EA00F44B6D /* Domain.h */; settings = {ATTRIBUTES = (Public, ); }; };
		22D3420D211861EA00F44B6D /* Domain.framework in Frameworks */ = {isa = PBXBuildFile; fileRef = 22D341F8211861EA00F44B6D /* Domain.framework */; };
		22D3420E211861EA00F44B6D /* Domain.framework in Embed Frameworks */ = {isa = PBXBuildFile; fileRef = 22D341F8211861EA00F44B6D /* Domain.framework */; settings = {ATTRIBUTES = (CodeSignOnCopy, RemoveHeadersOnCopy, ); }; };
		22D34224211861F300F44B6D /* Platform.framework in Frameworks */ = {isa = PBXBuildFile; fileRef = 22D3421B211861F300F44B6D /* Platform.framework */; };
		22D3422B211861F300F44B6D /* PlatformTests.swift in Sources */ = {isa = PBXBuildFile; fileRef = 22D3422A211861F300F44B6D /* PlatformTests.swift */; };
		22D3422D211861F300F44B6D /* Platform.h in Headers */ = {isa = PBXBuildFile; fileRef = 22D3421D211861F300F44B6D /* Platform.h */; settings = {ATTRIBUTES = (Public, ); }; };
		22D34230211861F300F44B6D /* Platform.framework in Frameworks */ = {isa = PBXBuildFile; fileRef = 22D3421B211861F300F44B6D /* Platform.framework */; };
		22D34231211861F300F44B6D /* Platform.framework in Embed Frameworks */ = {isa = PBXBuildFile; fileRef = 22D3421B211861F300F44B6D /* Platform.framework */; settings = {ATTRIBUTES = (CodeSignOnCopy, RemoveHeadersOnCopy, ); }; };
		22D3423F211863A900F44B6D /* UserProtocol.swift in Sources */ = {isa = PBXBuildFile; fileRef = 22D3423E211863A900F44B6D /* UserProtocol.swift */; };
		22D34241211863B300F44B6D /* GithubUser.swift in Sources */ = {isa = PBXBuildFile; fileRef = 22D34240211863B300F44B6D /* GithubUser.swift */; };
		22D34243211863BB00F44B6D /* DailymotionUser.swift in Sources */ = {isa = PBXBuildFile; fileRef = 22D34242211863BB00F44B6D /* DailymotionUser.swift */; };
		22D34245211863D500F44B6D /* UserSource.swift in Sources */ = {isa = PBXBuildFile; fileRef = 22D34244211863D500F44B6D /* UserSource.swift */; };
		22D3424B2118663700F44B6D /* ApiRouter.swift in Sources */ = {isa = PBXBuildFile; fileRef = 22D3424A2118663700F44B6D /* ApiRouter.swift */; };
		22D3424E211866CA00F44B6D /* GetGithubUsersCase.swift in Sources */ = {isa = PBXBuildFile; fileRef = 22D3424D211866CA00F44B6D /* GetGithubUsersCase.swift */; };
		22D34250211866D500F44B6D /* GetDailymotionUsersCase.swift in Sources */ = {isa = PBXBuildFile; fileRef = 22D3424F211866D500F44B6D /* GetDailymotionUsersCase.swift */; };
		22D34252211866DF00F44B6D /* GetUsersCase.swift in Sources */ = {isa = PBXBuildFile; fileRef = 22D34251211866DF00F44B6D /* GetUsersCase.swift */; };
		22D34255211867A900F44B6D /* GetGithubUsersCaseProvider.swift in Sources */ = {isa = PBXBuildFile; fileRef = 22D34254211867A900F44B6D /* GetGithubUsersCaseProvider.swift */; };
		22D34257211867B800F44B6D /* GetDailymotionUsersCaseProvider.swift in Sources */ = {isa = PBXBuildFile; fileRef = 22D34256211867B800F44B6D /* GetDailymotionUsersCaseProvider.swift */; };
		22D34259211867C100F44B6D /* GetUsersCaseProvider.swift in Sources */ = {isa = PBXBuildFile; fileRef = 22D34258211867C100F44B6D /* GetUsersCaseProvider.swift */; };
		22D3425B211867CC00F44B6D /* UseCasesProvider.swift in Sources */ = {isa = PBXBuildFile; fileRef = 22D3425A211867CC00F44B6D /* UseCasesProvider.swift */; };
		22D3425E2118691900F44B6D /* GithubUser+Codable.swift in Sources */ = {isa = PBXBuildFile; fileRef = 22D3425D2118691900F44B6D /* GithubUser+Codable.swift */; };
		22D3426021186AEC00F44B6D /* DailymotionUser+Codable.swift in Sources */ = {isa = PBXBuildFile; fileRef = 22D3425F21186AEC00F44B6D /* DailymotionUser+Codable.swift */; };
		22D3426221186B8F00F44B6D /* MappingTests.swift in Sources */ = {isa = PBXBuildFile; fileRef = 22D3426121186B8F00F44B6D /* MappingTests.swift */; };
		22D3426521186BCE00F44B6D /* JsonReader.swift in Sources */ = {isa = PBXBuildFile; fileRef = 22D3426421186BCE00F44B6D /* JsonReader.swift */; };
		22D3426821186BFF00F44B6D /* GithubUser.json in Resources */ = {isa = PBXBuildFile; fileRef = 22D3426721186BFF00F44B6D /* GithubUser.json */; };
		22D3426A21186C0B00F44B6D /* DailyMotionUser.json in Resources */ = {isa = PBXBuildFile; fileRef = 22D3426921186C0B00F44B6D /* DailyMotionUser.json */; };
		22D3426B21186C6500F44B6D /* DailyMotionUser.json in Resources */ = {isa = PBXBuildFile; fileRef = 22D3426921186C0B00F44B6D /* DailyMotionUser.json */; };
		22D3426C21186C6800F44B6D /* GithubUser.json in Resources */ = {isa = PBXBuildFile; fileRef = 22D3426721186BFF00F44B6D /* GithubUser.json */; };
		22D3426D21186C6900F44B6D /* GithubUser.json in Resources */ = {isa = PBXBuildFile; fileRef = 22D3426721186BFF00F44B6D /* GithubUser.json */; };
		22D3426E21186C6C00F44B6D /* GithubUser.json in Resources */ = {isa = PBXBuildFile; fileRef = 22D3426721186BFF00F44B6D /* GithubUser.json */; };
		22D3426F21186C6F00F44B6D /* DailyMotionUser.json in Resources */ = {isa = PBXBuildFile; fileRef = 22D3426921186C0B00F44B6D /* DailyMotionUser.json */; };
		22D3427021186C7000F44B6D /* DailyMotionUser.json in Resources */ = {isa = PBXBuildFile; fileRef = 22D3426921186C0B00F44B6D /* DailyMotionUser.json */; };
		22D3427421187B5E00F44B6D /* RequestableResource.swift in Sources */ = {isa = PBXBuildFile; fileRef = 22D3427321187B5E00F44B6D /* RequestableResource.swift */; };
		22D3427721187DFA00F44B6D /* WebService.swift in Sources */ = {isa = PBXBuildFile; fileRef = 22D3427621187DFA00F44B6D /* WebService.swift */; };
		22D3427A2118819000F44B6D /* DailymotionUserResource.swift in Sources */ = {isa = PBXBuildFile; fileRef = 22D342792118818F00F44B6D /* DailymotionUserResource.swift */; };
		22D3427C211881A300F44B6D /* GithubUserResource.swift in Sources */ = {isa = PBXBuildFile; fileRef = 22D3427B211881A300F44B6D /* GithubUserResource.swift */; };
		22D342812118845400F44B6D /* GetGithubUserCase.swift in Sources */ = {isa = PBXBuildFile; fileRef = 22D342802118845400F44B6D /* GetGithubUserCase.swift */; };
		22D34283211888AF00F44B6D /* GetDailyMotionUsersCase.swift in Sources */ = {isa = PBXBuildFile; fileRef = 22D34282211888AF00F44B6D /* GetDailyMotionUsersCase.swift */; };
		22D342852118892900F44B6D /* GetUsersCase.swift in Sources */ = {isa = PBXBuildFile; fileRef = 22D342842118892900F44B6D /* GetUsersCase.swift */; };
/* End PBXBuildFile section */

/* Begin PBXContainerItemProxy section */
		22D341E5211861B100F44B6D /* PBXContainerItemProxy */ = {
			isa = PBXContainerItemProxy;
			containerPortal = 22D341C8211861AF00F44B6D /* Project object */;
			proxyType = 1;
			remoteGlobalIDString = 22D341CF211861AF00F44B6D;
			remoteInfo = UsersApp;
		};
		22D34202211861EA00F44B6D /* PBXContainerItemProxy */ = {
			isa = PBXContainerItemProxy;
			containerPortal = 22D341C8211861AF00F44B6D /* Project object */;
			proxyType = 1;
			remoteGlobalIDString = 22D341F7211861EA00F44B6D;
			remoteInfo = Domain;
		};
		22D34204211861EA00F44B6D /* PBXContainerItemProxy */ = {
			isa = PBXContainerItemProxy;
			containerPortal = 22D341C8211861AF00F44B6D /* Project object */;
			proxyType = 1;
			remoteGlobalIDString = 22D341CF211861AF00F44B6D;
			remoteInfo = UsersApp;
		};
		22D3420B211861EA00F44B6D /* PBXContainerItemProxy */ = {
			isa = PBXContainerItemProxy;
			containerPortal = 22D341C8211861AF00F44B6D /* Project object */;
			proxyType = 1;
			remoteGlobalIDString = 22D341F7211861EA00F44B6D;
			remoteInfo = Domain;
		};
		22D34225211861F300F44B6D /* PBXContainerItemProxy */ = {
			isa = PBXContainerItemProxy;
			containerPortal = 22D341C8211861AF00F44B6D /* Project object */;
			proxyType = 1;
			remoteGlobalIDString = 22D3421A211861F300F44B6D;
			remoteInfo = Platform;
		};
		22D34227211861F300F44B6D /* PBXContainerItemProxy */ = {
			isa = PBXContainerItemProxy;
			containerPortal = 22D341C8211861AF00F44B6D /* Project object */;
			proxyType = 1;
			remoteGlobalIDString = 22D341CF211861AF00F44B6D;
			remoteInfo = UsersApp;
		};
		22D3422E211861F300F44B6D /* PBXContainerItemProxy */ = {
			isa = PBXContainerItemProxy;
			containerPortal = 22D341C8211861AF00F44B6D /* Project object */;
			proxyType = 1;
			remoteGlobalIDString = 22D3421A211861F300F44B6D;
			remoteInfo = Platform;
		};
		22D342382118623300F44B6D /* PBXContainerItemProxy */ = {
			isa = PBXContainerItemProxy;
			containerPortal = 22D341C8211861AF00F44B6D /* Project object */;
			proxyType = 1;
			remoteGlobalIDString = 22D341F7211861EA00F44B6D;
			remoteInfo = Domain;
		};
/* End PBXContainerItemProxy section */

/* Begin PBXCopyFilesBuildPhase section */
		22D34212211861EA00F44B6D /* Embed Frameworks */ = {
			isa = PBXCopyFilesBuildPhase;
			buildActionMask = 2147483647;
			dstPath = "";
			dstSubfolderSpec = 10;
			files = (
				22D3420E211861EA00F44B6D /* Domain.framework in Embed Frameworks */,
				22D34231211861F300F44B6D /* Platform.framework in Embed Frameworks */,
			);
			name = "Embed Frameworks";
			runOnlyForDeploymentPostprocessing = 0;
		};
/* End PBXCopyFilesBuildPhase section */

/* Begin PBXFileReference section */
		22D341D0211861AF00F44B6D /* UsersApp.app */ = {isa = PBXFileReference; explicitFileType = wrapper.application; includeInIndex = 0; path = UsersApp.app; sourceTree = BUILT_PRODUCTS_DIR; };
		22D341D3211861AF00F44B6D /* AppDelegate.swift */ = {isa = PBXFileReference; lastKnownFileType = sourcecode.swift; path = AppDelegate.swift; sourceTree = "<group>"; };
		22D341D5211861AF00F44B6D /* ViewController.swift */ = {isa = PBXFileReference; lastKnownFileType = sourcecode.swift; path = ViewController.swift; sourceTree = "<group>"; };
		22D341D8211861AF00F44B6D /* Base */ = {isa = PBXFileReference; lastKnownFileType = file.storyboard; name = Base; path = Base.lproj/Main.storyboard; sourceTree = "<group>"; };
		22D341DA211861B100F44B6D /* Assets.xcassets */ = {isa = PBXFileReference; lastKnownFileType = folder.assetcatalog; path = Assets.xcassets; sourceTree = "<group>"; };
		22D341DD211861B100F44B6D /* Base */ = {isa = PBXFileReference; lastKnownFileType = file.storyboard; name = Base; path = Base.lproj/LaunchScreen.storyboard; sourceTree = "<group>"; };
		22D341DF211861B100F44B6D /* Info.plist */ = {isa = PBXFileReference; lastKnownFileType = text.plist.xml; path = Info.plist; sourceTree = "<group>"; };
		22D341E4211861B100F44B6D /* UsersAppTests.xctest */ = {isa = PBXFileReference; explicitFileType = wrapper.cfbundle; includeInIndex = 0; path = UsersAppTests.xctest; sourceTree = BUILT_PRODUCTS_DIR; };
		22D341E8211861B100F44B6D /* UsersAppTests.swift */ = {isa = PBXFileReference; lastKnownFileType = sourcecode.swift; path = UsersAppTests.swift; sourceTree = "<group>"; };
		22D341EA211861B100F44B6D /* Info.plist */ = {isa = PBXFileReference; lastKnownFileType = text.plist.xml; path = Info.plist; sourceTree = "<group>"; };
		22D341F8211861EA00F44B6D /* Domain.framework */ = {isa = PBXFileReference; explicitFileType = wrapper.framework; includeInIndex = 0; path = Domain.framework; sourceTree = BUILT_PRODUCTS_DIR; };
		22D341FA211861EA00F44B6D /* Domain.h */ = {isa = PBXFileReference; lastKnownFileType = sourcecode.c.h; path = Domain.h; sourceTree = "<group>"; };
		22D341FB211861EA00F44B6D /* Info.plist */ = {isa = PBXFileReference; lastKnownFileType = text.plist.xml; path = Info.plist; sourceTree = "<group>"; };
		22D34200211861EA00F44B6D /* DomainTests.xctest */ = {isa = PBXFileReference; explicitFileType = wrapper.cfbundle; includeInIndex = 0; path = DomainTests.xctest; sourceTree = BUILT_PRODUCTS_DIR; };
		22D34207211861EA00F44B6D /* DomainTests.swift */ = {isa = PBXFileReference; lastKnownFileType = sourcecode.swift; path = DomainTests.swift; sourceTree = "<group>"; };
		22D34209211861EA00F44B6D /* Info.plist */ = {isa = PBXFileReference; lastKnownFileType = text.plist.xml; path = Info.plist; sourceTree = "<group>"; };
		22D3421B211861F300F44B6D /* Platform.framework */ = {isa = PBXFileReference; explicitFileType = wrapper.framework; includeInIndex = 0; path = Platform.framework; sourceTree = BUILT_PRODUCTS_DIR; };
		22D3421D211861F300F44B6D /* Platform.h */ = {isa = PBXFileReference; lastKnownFileType = sourcecode.c.h; path = Platform.h; sourceTree = "<group>"; };
		22D3421E211861F300F44B6D /* Info.plist */ = {isa = PBXFileReference; lastKnownFileType = text.plist.xml; path = Info.plist; sourceTree = "<group>"; };
		22D34223211861F300F44B6D /* PlatformTests.xctest */ = {isa = PBXFileReference; explicitFileType = wrapper.cfbundle; includeInIndex = 0; path = PlatformTests.xctest; sourceTree = BUILT_PRODUCTS_DIR; };
		22D3422A211861F300F44B6D /* PlatformTests.swift */ = {isa = PBXFileReference; lastKnownFileType = sourcecode.swift; path = PlatformTests.swift; sourceTree = "<group>"; };
		22D3422C211861F300F44B6D /* Info.plist */ = {isa = PBXFileReference; lastKnownFileType = text.plist.xml; path = Info.plist; sourceTree = "<group>"; };
		22D3423E211863A900F44B6D /* UserProtocol.swift */ = {isa = PBXFileReference; lastKnownFileType = sourcecode.swift; path = UserProtocol.swift; sourceTree = "<group>"; };
		22D34240211863B300F44B6D /* GithubUser.swift */ = {isa = PBXFileReference; lastKnownFileType = sourcecode.swift; path = GithubUser.swift; sourceTree = "<group>"; };
		22D34242211863BB00F44B6D /* DailymotionUser.swift */ = {isa = PBXFileReference; lastKnownFileType = sourcecode.swift; path = DailymotionUser.swift; sourceTree = "<group>"; };
		22D34244211863D500F44B6D /* UserSource.swift */ = {isa = PBXFileReference; lastKnownFileType = sourcecode.swift; path = UserSource.swift; sourceTree = "<group>"; };
		22D3424A2118663700F44B6D /* ApiRouter.swift */ = {isa = PBXFileReference; lastKnownFileType = sourcecode.swift; path = ApiRouter.swift; sourceTree = "<group>"; };
		22D3424D211866CA00F44B6D /* GetGithubUsersCase.swift */ = {isa = PBXFileReference; lastKnownFileType = sourcecode.swift; path = GetGithubUsersCase.swift; sourceTree = "<group>"; };
		22D3424F211866D500F44B6D /* GetDailymotionUsersCase.swift */ = {isa = PBXFileReference; lastKnownFileType = sourcecode.swift; path = GetDailymotionUsersCase.swift; sourceTree = "<group>"; };
		22D34251211866DF00F44B6D /* GetUsersCase.swift */ = {isa = PBXFileReference; lastKnownFileType = sourcecode.swift; path = GetUsersCase.swift; sourceTree = "<group>"; };
		22D34254211867A900F44B6D /* GetGithubUsersCaseProvider.swift */ = {isa = PBXFileReference; lastKnownFileType = sourcecode.swift; path = GetGithubUsersCaseProvider.swift; sourceTree = "<group>"; };
		22D34256211867B800F44B6D /* GetDailymotionUsersCaseProvider.swift */ = {isa = PBXFileReference; lastKnownFileType = sourcecode.swift; path = GetDailymotionUsersCaseProvider.swift; sourceTree = "<group>"; };
		22D34258211867C100F44B6D /* GetUsersCaseProvider.swift */ = {isa = PBXFileReference; lastKnownFileType = sourcecode.swift; path = GetUsersCaseProvider.swift; sourceTree = "<group>"; };
		22D3425A211867CC00F44B6D /* UseCasesProvider.swift */ = {isa = PBXFileReference; lastKnownFileType = sourcecode.swift; path = UseCasesProvider.swift; sourceTree = "<group>"; };
		22D3425D2118691900F44B6D /* GithubUser+Codable.swift */ = {isa = PBXFileReference; lastKnownFileType = sourcecode.swift; path = "GithubUser+Codable.swift"; sourceTree = "<group>"; };
		22D3425F21186AEC00F44B6D /* DailymotionUser+Codable.swift */ = {isa = PBXFileReference; lastKnownFileType = sourcecode.swift; path = "DailymotionUser+Codable.swift"; sourceTree = "<group>"; };
		22D3426121186B8F00F44B6D /* MappingTests.swift */ = {isa = PBXFileReference; lastKnownFileType = sourcecode.swift; path = MappingTests.swift; sourceTree = "<group>"; };
		22D3426421186BCE00F44B6D /* JsonReader.swift */ = {isa = PBXFileReference; lastKnownFileType = sourcecode.swift; path = JsonReader.swift; sourceTree = "<group>"; };
		22D3426721186BFF00F44B6D /* GithubUser.json */ = {isa = PBXFileReference; lastKnownFileType = text.json; path = GithubUser.json; sourceTree = "<group>"; };
		22D3426921186C0B00F44B6D /* DailyMotionUser.json */ = {isa = PBXFileReference; lastKnownFileType = text.json; path = DailyMotionUser.json; sourceTree = "<group>"; };
		22D3427321187B5E00F44B6D /* RequestableResource.swift */ = {isa = PBXFileReference; lastKnownFileType = sourcecode.swift; path = RequestableResource.swift; sourceTree = "<group>"; };
		22D3427621187DFA00F44B6D /* WebService.swift */ = {isa = PBXFileReference; lastKnownFileType = sourcecode.swift; path = WebService.swift; sourceTree = "<group>"; };
		22D342792118818F00F44B6D /* DailymotionUserResource.swift */ = {isa = PBXFileReference; lastKnownFileType = sourcecode.swift; path = DailymotionUserResource.swift; sourceTree = "<group>"; };
		22D3427B211881A300F44B6D /* GithubUserResource.swift */ = {isa = PBXFileReference; lastKnownFileType = sourcecode.swift; path = GithubUserResource.swift; sourceTree = "<group>"; };
		22D342802118845400F44B6D /* GetGithubUserCase.swift */ = {isa = PBXFileReference; lastKnownFileType = sourcecode.swift; path = GetGithubUserCase.swift; sourceTree = "<group>"; };
		22D34282211888AF00F44B6D /* GetDailyMotionUsersCase.swift */ = {isa = PBXFileReference; lastKnownFileType = sourcecode.swift; path = GetDailyMotionUsersCase.swift; sourceTree = "<group>"; };
		22D342842118892900F44B6D /* GetUsersCase.swift */ = {isa = PBXFileReference; lastKnownFileType = sourcecode.swift; path = GetUsersCase.swift; sourceTree = "<group>"; };
/* End PBXFileReference section */

/* Begin PBXFrameworksBuildPhase section */
		22D341CD211861AF00F44B6D /* Frameworks */ = {
			isa = PBXFrameworksBuildPhase;
			buildActionMask = 2147483647;
			files = (
				22D3420D211861EA00F44B6D /* Domain.framework in Frameworks */,
				22D34230211861F300F44B6D /* Platform.framework in Frameworks */,
			);
			runOnlyForDeploymentPostprocessing = 0;
		};
		22D341E1211861B100F44B6D /* Frameworks */ = {
			isa = PBXFrameworksBuildPhase;
			buildActionMask = 2147483647;
			files = (
			);
			runOnlyForDeploymentPostprocessing = 0;
		};
		22D341F4211861EA00F44B6D /* Frameworks */ = {
			isa = PBXFrameworksBuildPhase;
			buildActionMask = 2147483647;
			files = (
			);
			runOnlyForDeploymentPostprocessing = 0;
		};
		22D341FD211861EA00F44B6D /* Frameworks */ = {
			isa = PBXFrameworksBuildPhase;
			buildActionMask = 2147483647;
			files = (
				22D34201211861EA00F44B6D /* Domain.framework in Frameworks */,
			);
			runOnlyForDeploymentPostprocessing = 0;
		};
		22D34217211861F300F44B6D /* Frameworks */ = {
			isa = PBXFrameworksBuildPhase;
			buildActionMask = 2147483647;
			files = (
			);
			runOnlyForDeploymentPostprocessing = 0;
		};
		22D34220211861F300F44B6D /* Frameworks */ = {
			isa = PBXFrameworksBuildPhase;
			buildActionMask = 2147483647;
			files = (
				22D34224211861F300F44B6D /* Platform.framework in Frameworks */,
			);
			runOnlyForDeploymentPostprocessing = 0;
		};
/* End PBXFrameworksBuildPhase section */

/* Begin PBXGroup section */
		22D341C7211861AF00F44B6D = {
			isa = PBXGroup;
			children = (
				22D341D2211861AF00F44B6D /* UsersApp */,
				22D341E7211861B100F44B6D /* UsersAppTests */,
				22D341F9211861EA00F44B6D /* Domain */,
				22D34206211861EA00F44B6D /* DomainTests */,
				22D3421C211861F300F44B6D /* Platform */,
				22D34229211861F300F44B6D /* PlatformTests */,
				22D341D1211861AF00F44B6D /* Products */,
			);
			sourceTree = "<group>";
		};
		22D341D1211861AF00F44B6D /* Products */ = {
			isa = PBXGroup;
			children = (
				22D341D0211861AF00F44B6D /* UsersApp.app */,
				22D341E4211861B100F44B6D /* UsersAppTests.xctest */,
				22D341F8211861EA00F44B6D /* Domain.framework */,
				22D34200211861EA00F44B6D /* DomainTests.xctest */,
				22D3421B211861F300F44B6D /* Platform.framework */,
				22D34223211861F300F44B6D /* PlatformTests.xctest */,
			);
			name = Products;
			sourceTree = "<group>";
		};
		22D341D2211861AF00F44B6D /* UsersApp */ = {
			isa = PBXGroup;
			children = (
				22D341D3211861AF00F44B6D /* AppDelegate.swift */,
				22D341D5211861AF00F44B6D /* ViewController.swift */,
				22D341D7211861AF00F44B6D /* Main.storyboard */,
				22D341DA211861B100F44B6D /* Assets.xcassets */,
				22D341DC211861B100F44B6D /* LaunchScreen.storyboard */,
				22D341DF211861B100F44B6D /* Info.plist */,
			);
			path = UsersApp;
			sourceTree = "<group>";
		};
		22D341E7211861B100F44B6D /* UsersAppTests */ = {
			isa = PBXGroup;
			children = (
				22D341E8211861B100F44B6D /* UsersAppTests.swift */,
				22D341EA211861B100F44B6D /* Info.plist */,
			);
			path = UsersAppTests;
			sourceTree = "<group>";
		};
		22D341F9211861EA00F44B6D /* Domain */ = {
			isa = PBXGroup;
			children = (
				22D3424C211866AE00F44B6D /* UseCases */,
				22D342482118662100F44B6D /* Network */,
				22D3423A2118630B00F44B6D /* Model */,
				22D341FA211861EA00F44B6D /* Domain.h */,
				22D341FB211861EA00F44B6D /* Info.plist */,
			);
			path = Domain;
			sourceTree = "<group>";
		};
		22D34206211861EA00F44B6D /* DomainTests */ = {
			isa = PBXGroup;
			children = (
				22D34207211861EA00F44B6D /* DomainTests.swift */,
				22D34209211861EA00F44B6D /* Info.plist */,
			);
			path = DomainTests;
			sourceTree = "<group>";
		};
		22D3421C211861F300F44B6D /* Platform */ = {
			isa = PBXGroup;
			children = (
				22D3427D2118843A00F44B6D /* UseCases */,
				22D3427121187B1A00F44B6D /* Network */,
				22D3425C2118690800F44B6D /* Entries */,
				22D3421D211861F300F44B6D /* Platform.h */,
				22D3421E211861F300F44B6D /* Info.plist */,
			);
			path = Platform;
			sourceTree = "<group>";
		};
		22D34229211861F300F44B6D /* PlatformTests */ = {
			isa = PBXGroup;
			children = (
				22D3426321186BAB00F44B6D /* Utils */,
				22D3422A211861F300F44B6D /* PlatformTests.swift */,
				22D3422C211861F300F44B6D /* Info.plist */,
				22D3426121186B8F00F44B6D /* MappingTests.swift */,
			);
			path = PlatformTests;
			sourceTree = "<group>";
		};
		22D3423A2118630B00F44B6D /* Model */ = {
			isa = PBXGroup;
			children = (
				22D3423D2118639F00F44B6D /* Users */,
			);
			path = Model;
			sourceTree = "<group>";
		};
		22D3423D2118639F00F44B6D /* Users */ = {
			isa = PBXGroup;
			children = (
				22D3423E211863A900F44B6D /* UserProtocol.swift */,
				22D34240211863B300F44B6D /* GithubUser.swift */,
				22D34242211863BB00F44B6D /* DailymotionUser.swift */,
				22D34244211863D500F44B6D /* UserSource.swift */,
			);
			path = Users;
			sourceTree = "<group>";
		};
		22D342482118662100F44B6D /* Network */ = {
			isa = PBXGroup;
			children = (
				22D3424A2118663700F44B6D /* ApiRouter.swift */,
			);
			path = Network;
			sourceTree = "<group>";
		};
		22D3424C211866AE00F44B6D /* UseCases */ = {
			isa = PBXGroup;
			children = (
				22D342532118679800F44B6D /* Providers */,
				22D3424D211866CA00F44B6D /* GetGithubUsersCase.swift */,
				22D3424F211866D500F44B6D /* GetDailymotionUsersCase.swift */,
				22D34251211866DF00F44B6D /* GetUsersCase.swift */,
			);
			path = UseCases;
			sourceTree = "<group>";
		};
		22D342532118679800F44B6D /* Providers */ = {
			isa = PBXGroup;
			children = (
				22D34254211867A900F44B6D /* GetGithubUsersCaseProvider.swift */,
				22D34256211867B800F44B6D /* GetDailymotionUsersCaseProvider.swift */,
				22D34258211867C100F44B6D /* GetUsersCaseProvider.swift */,
				22D3425A211867CC00F44B6D /* UseCasesProvider.swift */,
			);
			path = Providers;
			sourceTree = "<group>";
		};
		22D3425C2118690800F44B6D /* Entries */ = {
			isa = PBXGroup;
			children = (
				22D3425D2118691900F44B6D /* GithubUser+Codable.swift */,
				22D3425F21186AEC00F44B6D /* DailymotionUser+Codable.swift */,
			);
			path = Entries;
			sourceTree = "<group>";
		};
		22D3426321186BAB00F44B6D /* Utils */ = {
			isa = PBXGroup;
			children = (
				22D3426621186BD700F44B6D /* Samples */,
				22D3426421186BCE00F44B6D /* JsonReader.swift */,
			);
			path = Utils;
			sourceTree = "<group>";
		};
		22D3426621186BD700F44B6D /* Samples */ = {
			isa = PBXGroup;
			children = (
				22D3426721186BFF00F44B6D /* GithubUser.json */,
				22D3426921186C0B00F44B6D /* DailyMotionUser.json */,
			);
			path = Samples;
			sourceTree = "<group>";
		};
		22D3427121187B1A00F44B6D /* Network */ = {
			isa = PBXGroup;
			children = (
				22D342782118816500F44B6D /* Resources */,
				22D3427521187DEE00F44B6D /* WebService */,
				22D3427221187B2000F44B6D /* Components */,
			);
			path = Network;
			sourceTree = "<group>";
		};
		22D3427221187B2000F44B6D /* Components */ = {
			isa = PBXGroup;
			children = (
				22D3427321187B5E00F44B6D /* RequestableResource.swift */,
			);
			path = Components;
			sourceTree = "<group>";
		};
		22D3427521187DEE00F44B6D /* WebService */ = {
			isa = PBXGroup;
			children = (
				22D3427621187DFA00F44B6D /* WebService.swift */,
			);
			path = WebService;
			sourceTree = "<group>";
		};
		22D342782118816500F44B6D /* Resources */ = {
			isa = PBXGroup;
			children = (
				22D342792118818F00F44B6D /* DailymotionUserResource.swift */,
				22D3427B211881A300F44B6D /* GithubUserResource.swift */,
			);
			path = Resources;
			sourceTree = "<group>";
		};
		22D3427D2118843A00F44B6D /* UseCases */ = {
			isa = PBXGroup;
			children = (
				22D3427F2118844400F44B6D /* Implementation */,
				22D3427E2118844000F44B6D /* Provider */,
			);
			path = UseCases;
			sourceTree = "<group>";
		};
		22D3427E2118844000F44B6D /* Provider */ = {
			isa = PBXGroup;
			children = (
			);
			path = Provider;
			sourceTree = "<group>";
		};
		22D3427F2118844400F44B6D /* Implementation */ = {
			isa = PBXGroup;
			children = (
				22D342802118845400F44B6D /* GetGithubUserCase.swift */,
				22D34282211888AF00F44B6D /* GetDailyMotionUsersCase.swift */,
				22D342842118892900F44B6D /* GetUsersCase.swift */,
			);
			path = Implementation;
			sourceTree = "<group>";
		};
/* End PBXGroup section */

/* Begin PBXHeadersBuildPhase section */
		22D341F5211861EA00F44B6D /* Headers */ = {
			isa = PBXHeadersBuildPhase;
			buildActionMask = 2147483647;
			files = (
				22D3420A211861EA00F44B6D /* Domain.h in Headers */,
			);
			runOnlyForDeploymentPostprocessing = 0;
		};
		22D34218211861F300F44B6D /* Headers */ = {
			isa = PBXHeadersBuildPhase;
			buildActionMask = 2147483647;
			files = (
				22D3422D211861F300F44B6D /* Platform.h in Headers */,
			);
			runOnlyForDeploymentPostprocessing = 0;
		};
/* End PBXHeadersBuildPhase section */

/* Begin PBXNativeTarget section */
		22D341CF211861AF00F44B6D /* UsersApp */ = {
			isa = PBXNativeTarget;
			buildConfigurationList = 22D341ED211861B100F44B6D /* Build configuration list for PBXNativeTarget "UsersApp" */;
			buildPhases = (
				22D341CC211861AF00F44B6D /* Sources */,
				22D341CD211861AF00F44B6D /* Frameworks */,
				22D341CE211861AF00F44B6D /* Resources */,
				22D34212211861EA00F44B6D /* Embed Frameworks */,
			);
			buildRules = (
			);
			dependencies = (
				22D3420C211861EA00F44B6D /* PBXTargetDependency */,
				22D3422F211861F300F44B6D /* PBXTargetDependency */,
			);
			name = UsersApp;
			productName = UsersApp;
			productReference = 22D341D0211861AF00F44B6D /* UsersApp.app */;
			productType = "com.apple.product-type.application";
		};
		22D341E3211861B100F44B6D /* UsersAppTests */ = {
			isa = PBXNativeTarget;
			buildConfigurationList = 22D341F0211861B100F44B6D /* Build configuration list for PBXNativeTarget "UsersAppTests" */;
			buildPhases = (
				22D341E0211861B100F44B6D /* Sources */,
				22D341E1211861B100F44B6D /* Frameworks */,
				22D341E2211861B100F44B6D /* Resources */,
			);
			buildRules = (
			);
			dependencies = (
				22D341E6211861B100F44B6D /* PBXTargetDependency */,
			);
			name = UsersAppTests;
			productName = UsersAppTests;
			productReference = 22D341E4211861B100F44B6D /* UsersAppTests.xctest */;
			productType = "com.apple.product-type.bundle.unit-test";
		};
		22D341F7211861EA00F44B6D /* Domain */ = {
			isa = PBXNativeTarget;
			buildConfigurationList = 22D3420F211861EA00F44B6D /* Build configuration list for PBXNativeTarget "Domain" */;
			buildPhases = (
				22D341F3211861EA00F44B6D /* Sources */,
				22D341F4211861EA00F44B6D /* Frameworks */,
				22D341F5211861EA00F44B6D /* Headers */,
				22D341F6211861EA00F44B6D /* Resources */,
			);
			buildRules = (
			);
			dependencies = (
			);
			name = Domain;
			productName = Domain;
			productReference = 22D341F8211861EA00F44B6D /* Domain.framework */;
			productType = "com.apple.product-type.framework";
		};
		22D341FF211861EA00F44B6D /* DomainTests */ = {
			isa = PBXNativeTarget;
			buildConfigurationList = 22D34213211861EA00F44B6D /* Build configuration list for PBXNativeTarget "DomainTests" */;
			buildPhases = (
				22D341FC211861EA00F44B6D /* Sources */,
				22D341FD211861EA00F44B6D /* Frameworks */,
				22D341FE211861EA00F44B6D /* Resources */,
			);
			buildRules = (
			);
			dependencies = (
				22D34203211861EA00F44B6D /* PBXTargetDependency */,
				22D34205211861EA00F44B6D /* PBXTargetDependency */,
			);
			name = DomainTests;
			productName = DomainTests;
			productReference = 22D34200211861EA00F44B6D /* DomainTests.xctest */;
			productType = "com.apple.product-type.bundle.unit-test";
		};
		22D3421A211861F300F44B6D /* Platform */ = {
			isa = PBXNativeTarget;
			buildConfigurationList = 22D34232211861F300F44B6D /* Build configuration list for PBXNativeTarget "Platform" */;
			buildPhases = (
				22D34216211861F300F44B6D /* Sources */,
				22D34217211861F300F44B6D /* Frameworks */,
				22D34218211861F300F44B6D /* Headers */,
				22D34219211861F300F44B6D /* Resources */,
			);
			buildRules = (
			);
			dependencies = (
				22D342392118623300F44B6D /* PBXTargetDependency */,
			);
			name = Platform;
			productName = Platform;
			productReference = 22D3421B211861F300F44B6D /* Platform.framework */;
			productType = "com.apple.product-type.framework";
		};
		22D34222211861F300F44B6D /* PlatformTests */ = {
			isa = PBXNativeTarget;
			buildConfigurationList = 22D34235211861F300F44B6D /* Build configuration list for PBXNativeTarget "PlatformTests" */;
			buildPhases = (
				22D3421F211861F300F44B6D /* Sources */,
				22D34220211861F300F44B6D /* Frameworks */,
				22D34221211861F300F44B6D /* Resources */,
			);
			buildRules = (
			);
			dependencies = (
				22D34226211861F300F44B6D /* PBXTargetDependency */,
				22D34228211861F300F44B6D /* PBXTargetDependency */,
			);
			name = PlatformTests;
			productName = PlatformTests;
			productReference = 22D34223211861F300F44B6D /* PlatformTests.xctest */;
			productType = "com.apple.product-type.bundle.unit-test";
		};
/* End PBXNativeTarget section */

/* Begin PBXProject section */
		22D341C8211861AF00F44B6D /* Project object */ = {
			isa = PBXProject;
			attributes = {
				LastSwiftUpdateCheck = 0940;
				LastUpgradeCheck = 0940;
				ORGANIZATIONNAME = Niedzwiedz;
				TargetAttributes = {
					22D341CF211861AF00F44B6D = {
						CreatedOnToolsVersion = 9.4.1;
					};
					22D341E3211861B100F44B6D = {
						CreatedOnToolsVersion = 9.4.1;
						TestTargetID = 22D341CF211861AF00F44B6D;
					};
					22D341F7211861EA00F44B6D = {
						CreatedOnToolsVersion = 9.4.1;
						LastSwiftMigration = 0940;
					};
					22D341FF211861EA00F44B6D = {
						CreatedOnToolsVersion = 9.4.1;
						TestTargetID = 22D341CF211861AF00F44B6D;
					};
					22D3421A211861F300F44B6D = {
						CreatedOnToolsVersion = 9.4.1;
						LastSwiftMigration = 0940;
					};
					22D34222211861F300F44B6D = {
						CreatedOnToolsVersion = 9.4.1;
						TestTargetID = 22D341CF211861AF00F44B6D;
					};
				};
			};
			buildConfigurationList = 22D341CB211861AF00F44B6D /* Build configuration list for PBXProject "UsersApp" */;
			compatibilityVersion = "Xcode 9.3";
			developmentRegion = en;
			hasScannedForEncodings = 0;
			knownRegions = (
				en,
				Base,
			);
			mainGroup = 22D341C7211861AF00F44B6D;
			productRefGroup = 22D341D1211861AF00F44B6D /* Products */;
			projectDirPath = "";
			projectRoot = "";
			targets = (
				22D341CF211861AF00F44B6D /* UsersApp */,
				22D341E3211861B100F44B6D /* UsersAppTests */,
				22D341F7211861EA00F44B6D /* Domain */,
				22D341FF211861EA00F44B6D /* DomainTests */,
				22D3421A211861F300F44B6D /* Platform */,
				22D34222211861F300F44B6D /* PlatformTests */,
			);
		};
/* End PBXProject section */

/* Begin PBXResourcesBuildPhase section */
		22D341CE211861AF00F44B6D /* Resources */ = {
			isa = PBXResourcesBuildPhase;
			buildActionMask = 2147483647;
			files = (
				22D3426B21186C6500F44B6D /* DailyMotionUser.json in Resources */,
				22D3426C21186C6800F44B6D /* GithubUser.json in Resources */,
				22D341DE211861B100F44B6D /* LaunchScreen.storyboard in Resources */,
				22D341DB211861B100F44B6D /* Assets.xcassets in Resources */,
				22D341D9211861AF00F44B6D /* Main.storyboard in Resources */,
			);
			runOnlyForDeploymentPostprocessing = 0;
		};
		22D341E2211861B100F44B6D /* Resources */ = {
			isa = PBXResourcesBuildPhase;
			buildActionMask = 2147483647;
			files = (
				22D3427021186C7000F44B6D /* DailyMotionUser.json in Resources */,
				22D3426E21186C6C00F44B6D /* GithubUser.json in Resources */,
			);
			runOnlyForDeploymentPostprocessing = 0;
		};
		22D341F6211861EA00F44B6D /* Resources */ = {
			isa = PBXResourcesBuildPhase;
			buildActionMask = 2147483647;
			files = (
			);
			runOnlyForDeploymentPostprocessing = 0;
		};
		22D341FE211861EA00F44B6D /* Resources */ = {
			isa = PBXResourcesBuildPhase;
			buildActionMask = 2147483647;
			files = (
				22D3426F21186C6F00F44B6D /* DailyMotionUser.json in Resources */,
				22D3426D21186C6900F44B6D /* GithubUser.json in Resources */,
			);
			runOnlyForDeploymentPostprocessing = 0;
		};
		22D34219211861F300F44B6D /* Resources */ = {
			isa = PBXResourcesBuildPhase;
			buildActionMask = 2147483647;
			files = (
			);
			runOnlyForDeploymentPostprocessing = 0;
		};
		22D34221211861F300F44B6D /* Resources */ = {
			isa = PBXResourcesBuildPhase;
			buildActionMask = 2147483647;
			files = (
				22D3426A21186C0B00F44B6D /* DailyMotionUser.json in Resources */,
				22D3426821186BFF00F44B6D /* GithubUser.json in Resources */,
			);
			runOnlyForDeploymentPostprocessing = 0;
		};
/* End PBXResourcesBuildPhase section */

/* Begin PBXSourcesBuildPhase section */
		22D341CC211861AF00F44B6D /* Sources */ = {
			isa = PBXSourcesBuildPhase;
			buildActionMask = 2147483647;
			files = (
				22D341D6211861AF00F44B6D /* ViewController.swift in Sources */,
				22D341D4211861AF00F44B6D /* AppDelegate.swift in Sources */,
			);
			runOnlyForDeploymentPostprocessing = 0;
		};
		22D341E0211861B100F44B6D /* Sources */ = {
			isa = PBXSourcesBuildPhase;
			buildActionMask = 2147483647;
			files = (
				22D341E9211861B100F44B6D /* UsersAppTests.swift in Sources */,
			);
			runOnlyForDeploymentPostprocessing = 0;
		};
		22D341F3211861EA00F44B6D /* Sources */ = {
			isa = PBXSourcesBuildPhase;
			buildActionMask = 2147483647;
			files = (
				22D34243211863BB00F44B6D /* DailymotionUser.swift in Sources */,
				22D3423F211863A900F44B6D /* UserProtocol.swift in Sources */,
				22D34255211867A900F44B6D /* GetGithubUsersCaseProvider.swift in Sources */,
				22D34259211867C100F44B6D /* GetUsersCaseProvider.swift in Sources */,
				22D3424E211866CA00F44B6D /* GetGithubUsersCase.swift in Sources */,
				22D34252211866DF00F44B6D /* GetUsersCase.swift in Sources */,
				22D34250211866D500F44B6D /* GetDailymotionUsersCase.swift in Sources */,
				22D3424B2118663700F44B6D /* ApiRouter.swift in Sources */,
				22D3425B211867CC00F44B6D /* UseCasesProvider.swift in Sources */,
				22D34241211863B300F44B6D /* GithubUser.swift in Sources */,
				22D34257211867B800F44B6D /* GetDailymotionUsersCaseProvider.swift in Sources */,
				22D34245211863D500F44B6D /* UserSource.swift in Sources */,
			);
			runOnlyForDeploymentPostprocessing = 0;
		};
		22D341FC211861EA00F44B6D /* Sources */ = {
			isa = PBXSourcesBuildPhase;
			buildActionMask = 2147483647;
			files = (
				22D34208211861EA00F44B6D /* DomainTests.swift in Sources */,
			);
			runOnlyForDeploymentPostprocessing = 0;
		};
		22D34216211861F300F44B6D /* Sources */ = {
			isa = PBXSourcesBuildPhase;
			buildActionMask = 2147483647;
			files = (
				22D3427421187B5E00F44B6D /* RequestableResource.swift in Sources */,
				22D3425E2118691900F44B6D /* GithubUser+Codable.swift in Sources */,
				22D3427721187DFA00F44B6D /* WebService.swift in Sources */,
				22D342812118845400F44B6D /* GetGithubUserCase.swift in Sources */,
				22D3426021186AEC00F44B6D /* DailymotionUser+Codable.swift in Sources */,
				22D3427C211881A300F44B6D /* GithubUserResource.swift in Sources */,
				22D342852118892900F44B6D /* GetUsersCase.swift in Sources */,
				22D3427A2118819000F44B6D /* DailymotionUserResource.swift in Sources */,
				22D34283211888AF00F44B6D /* GetDailyMotionUsersCase.swift in Sources */,
			);
			runOnlyForDeploymentPostprocessing = 0;
		};
		22D3421F211861F300F44B6D /* Sources */ = {
			isa = PBXSourcesBuildPhase;
			buildActionMask = 2147483647;
			files = (
				22D3426221186B8F00F44B6D /* MappingTests.swift in Sources */,
				22D3426521186BCE00F44B6D /* JsonReader.swift in Sources */,
				22D3422B211861F300F44B6D /* PlatformTests.swift in Sources */,
			);
			runOnlyForDeploymentPostprocessing = 0;
		};
/* End PBXSourcesBuildPhase section */

/* Begin PBXTargetDependency section */
		22D341E6211861B100F44B6D /* PBXTargetDependency */ = {
			isa = PBXTargetDependency;
			target = 22D341CF211861AF00F44B6D /* UsersApp */;
			targetProxy = 22D341E5211861B100F44B6D /* PBXContainerItemProxy */;
		};
		22D34203211861EA00F44B6D /* PBXTargetDependency */ = {
			isa = PBXTargetDependency;
			target = 22D341F7211861EA00F44B6D /* Domain */;
			targetProxy = 22D34202211861EA00F44B6D /* PBXContainerItemProxy */;
		};
		22D34205211861EA00F44B6D /* PBXTargetDependency */ = {
			isa = PBXTargetDependency;
			target = 22D341CF211861AF00F44B6D /* UsersApp */;
			targetProxy = 22D34204211861EA00F44B6D /* PBXContainerItemProxy */;
		};
		22D3420C211861EA00F44B6D /* PBXTargetDependency */ = {
			isa = PBXTargetDependency;
			target = 22D341F7211861EA00F44B6D /* Domain */;
			targetProxy = 22D3420B211861EA00F44B6D /* PBXContainerItemProxy */;
		};
		22D34226211861F300F44B6D /* PBXTargetDependency */ = {
			isa = PBXTargetDependency;
			target = 22D3421A211861F300F44B6D /* Platform */;
			targetProxy = 22D34225211861F300F44B6D /* PBXContainerItemProxy */;
		};
		22D34228211861F300F44B6D /* PBXTargetDependency */ = {
			isa = PBXTargetDependency;
			target = 22D341CF211861AF00F44B6D /* UsersApp */;
			targetProxy = 22D34227211861F300F44B6D /* PBXContainerItemProxy */;
		};
		22D3422F211861F300F44B6D /* PBXTargetDependency */ = {
			isa = PBXTargetDependency;
			target = 22D3421A211861F300F44B6D /* Platform */;
			targetProxy = 22D3422E211861F300F44B6D /* PBXContainerItemProxy */;
		};
		22D342392118623300F44B6D /* PBXTargetDependency */ = {
			isa = PBXTargetDependency;
			target = 22D341F7211861EA00F44B6D /* Domain */;
			targetProxy = 22D342382118623300F44B6D /* PBXContainerItemProxy */;
		};
/* End PBXTargetDependency section */

/* Begin PBXVariantGroup section */
		22D341D7211861AF00F44B6D /* Main.storyboard */ = {
			isa = PBXVariantGroup;
			children = (
				22D341D8211861AF00F44B6D /* Base */,
			);
			name = Main.storyboard;
			sourceTree = "<group>";
		};
		22D341DC211861B100F44B6D /* LaunchScreen.storyboard */ = {
			isa = PBXVariantGroup;
			children = (
				22D341DD211861B100F44B6D /* Base */,
			);
			name = LaunchScreen.storyboard;
			sourceTree = "<group>";
		};
/* End PBXVariantGroup section */

/* Begin XCBuildConfiguration section */
		22D341EB211861B100F44B6D /* Debug */ = {
			isa = XCBuildConfiguration;
			buildSettings = {
				ALWAYS_SEARCH_USER_PATHS = NO;
				CLANG_ANALYZER_NONNULL = YES;
				CLANG_ANALYZER_NUMBER_OBJECT_CONVERSION = YES_AGGRESSIVE;
				CLANG_CXX_LANGUAGE_STANDARD = "gnu++14";
				CLANG_CXX_LIBRARY = "libc++";
				CLANG_ENABLE_MODULES = YES;
				CLANG_ENABLE_OBJC_ARC = YES;
				CLANG_ENABLE_OBJC_WEAK = YES;
				CLANG_WARN_BLOCK_CAPTURE_AUTORELEASING = YES;
				CLANG_WARN_BOOL_CONVERSION = YES;
				CLANG_WARN_COMMA = YES;
				CLANG_WARN_CONSTANT_CONVERSION = YES;
				CLANG_WARN_DEPRECATED_OBJC_IMPLEMENTATIONS = YES;
				CLANG_WARN_DIRECT_OBJC_ISA_USAGE = YES_ERROR;
				CLANG_WARN_DOCUMENTATION_COMMENTS = YES;
				CLANG_WARN_EMPTY_BODY = YES;
				CLANG_WARN_ENUM_CONVERSION = YES;
				CLANG_WARN_INFINITE_RECURSION = YES;
				CLANG_WARN_INT_CONVERSION = YES;
				CLANG_WARN_NON_LITERAL_NULL_CONVERSION = YES;
				CLANG_WARN_OBJC_IMPLICIT_RETAIN_SELF = YES;
				CLANG_WARN_OBJC_LITERAL_CONVERSION = YES;
				CLANG_WARN_OBJC_ROOT_CLASS = YES_ERROR;
				CLANG_WARN_RANGE_LOOP_ANALYSIS = YES;
				CLANG_WARN_STRICT_PROTOTYPES = YES;
				CLANG_WARN_SUSPICIOUS_MOVE = YES;
				CLANG_WARN_UNGUARDED_AVAILABILITY = YES_AGGRESSIVE;
				CLANG_WARN_UNREACHABLE_CODE = YES;
				CLANG_WARN__DUPLICATE_METHOD_MATCH = YES;
				CODE_SIGN_IDENTITY = "iPhone Developer";
				COPY_PHASE_STRIP = NO;
				DEBUG_INFORMATION_FORMAT = dwarf;
				ENABLE_STRICT_OBJC_MSGSEND = YES;
				ENABLE_TESTABILITY = YES;
				GCC_C_LANGUAGE_STANDARD = gnu11;
				GCC_DYNAMIC_NO_PIC = NO;
				GCC_NO_COMMON_BLOCKS = YES;
				GCC_OPTIMIZATION_LEVEL = 0;
				GCC_PREPROCESSOR_DEFINITIONS = (
					"DEBUG=1",
					"$(inherited)",
				);
				GCC_WARN_64_TO_32_BIT_CONVERSION = YES;
				GCC_WARN_ABOUT_RETURN_TYPE = YES_ERROR;
				GCC_WARN_UNDECLARED_SELECTOR = YES;
				GCC_WARN_UNINITIALIZED_AUTOS = YES_AGGRESSIVE;
				GCC_WARN_UNUSED_FUNCTION = YES;
				GCC_WARN_UNUSED_VARIABLE = YES;
				IPHONEOS_DEPLOYMENT_TARGET = 11.4;
				MTL_ENABLE_DEBUG_INFO = YES;
				ONLY_ACTIVE_ARCH = YES;
				SDKROOT = iphoneos;
				SWIFT_ACTIVE_COMPILATION_CONDITIONS = DEBUG;
				SWIFT_OPTIMIZATION_LEVEL = "-Onone";
			};
			name = Debug;
		};
		22D341EC211861B100F44B6D /* Release */ = {
			isa = XCBuildConfiguration;
			buildSettings = {
				ALWAYS_SEARCH_USER_PATHS = NO;
				CLANG_ANALYZER_NONNULL = YES;
				CLANG_ANALYZER_NUMBER_OBJECT_CONVERSION = YES_AGGRESSIVE;
				CLANG_CXX_LANGUAGE_STANDARD = "gnu++14";
				CLANG_CXX_LIBRARY = "libc++";
				CLANG_ENABLE_MODULES = YES;
				CLANG_ENABLE_OBJC_ARC = YES;
				CLANG_ENABLE_OBJC_WEAK = YES;
				CLANG_WARN_BLOCK_CAPTURE_AUTORELEASING = YES;
				CLANG_WARN_BOOL_CONVERSION = YES;
				CLANG_WARN_COMMA = YES;
				CLANG_WARN_CONSTANT_CONVERSION = YES;
				CLANG_WARN_DEPRECATED_OBJC_IMPLEMENTATIONS = YES;
				CLANG_WARN_DIRECT_OBJC_ISA_USAGE = YES_ERROR;
				CLANG_WARN_DOCUMENTATION_COMMENTS = YES;
				CLANG_WARN_EMPTY_BODY = YES;
				CLANG_WARN_ENUM_CONVERSION = YES;
				CLANG_WARN_INFINITE_RECURSION = YES;
				CLANG_WARN_INT_CONVERSION = YES;
				CLANG_WARN_NON_LITERAL_NULL_CONVERSION = YES;
				CLANG_WARN_OBJC_IMPLICIT_RETAIN_SELF = YES;
				CLANG_WARN_OBJC_LITERAL_CONVERSION = YES;
				CLANG_WARN_OBJC_ROOT_CLASS = YES_ERROR;
				CLANG_WARN_RANGE_LOOP_ANALYSIS = YES;
				CLANG_WARN_STRICT_PROTOTYPES = YES;
				CLANG_WARN_SUSPICIOUS_MOVE = YES;
				CLANG_WARN_UNGUARDED_AVAILABILITY = YES_AGGRESSIVE;
				CLANG_WARN_UNREACHABLE_CODE = YES;
				CLANG_WARN__DUPLICATE_METHOD_MATCH = YES;
				CODE_SIGN_IDENTITY = "iPhone Developer";
				COPY_PHASE_STRIP = NO;
				DEBUG_INFORMATION_FORMAT = "dwarf-with-dsym";
				ENABLE_NS_ASSERTIONS = NO;
				ENABLE_STRICT_OBJC_MSGSEND = YES;
				GCC_C_LANGUAGE_STANDARD = gnu11;
				GCC_NO_COMMON_BLOCKS = YES;
				GCC_WARN_64_TO_32_BIT_CONVERSION = YES;
				GCC_WARN_ABOUT_RETURN_TYPE = YES_ERROR;
				GCC_WARN_UNDECLARED_SELECTOR = YES;
				GCC_WARN_UNINITIALIZED_AUTOS = YES_AGGRESSIVE;
				GCC_WARN_UNUSED_FUNCTION = YES;
				GCC_WARN_UNUSED_VARIABLE = YES;
				IPHONEOS_DEPLOYMENT_TARGET = 11.4;
				MTL_ENABLE_DEBUG_INFO = NO;
				SDKROOT = iphoneos;
				SWIFT_COMPILATION_MODE = wholemodule;
				SWIFT_OPTIMIZATION_LEVEL = "-O";
				VALIDATE_PRODUCT = YES;
			};
			name = Release;
		};
		22D341EE211861B100F44B6D /* Debug */ = {
			isa = XCBuildConfiguration;
			buildSettings = {
				ALWAYS_EMBED_SWIFT_STANDARD_LIBRARIES = YES;
				ASSETCATALOG_COMPILER_APPICON_NAME = AppIcon;
				CODE_SIGN_STYLE = Automatic;
				DEVELOPMENT_TEAM = 4Z3292JC5M;
				INFOPLIST_FILE = UsersApp/Info.plist;
				IPHONEOS_DEPLOYMENT_TARGET = 10.0;
				LD_RUNPATH_SEARCH_PATHS = (
					"$(inherited)",
					"@executable_path/Frameworks",
				);
				PRODUCT_BUNDLE_IDENTIFIER = com.LukaszNiedzwiedz.UsersApp;
				PRODUCT_NAME = "$(TARGET_NAME)";
				SWIFT_VERSION = 4.0;
				TARGETED_DEVICE_FAMILY = "1,2";
			};
			name = Debug;
		};
		22D341EF211861B100F44B6D /* Release */ = {
			isa = XCBuildConfiguration;
			buildSettings = {
				ALWAYS_EMBED_SWIFT_STANDARD_LIBRARIES = YES;
				ASSETCATALOG_COMPILER_APPICON_NAME = AppIcon;
				CODE_SIGN_STYLE = Automatic;
				DEVELOPMENT_TEAM = 4Z3292JC5M;
				INFOPLIST_FILE = UsersApp/Info.plist;
				IPHONEOS_DEPLOYMENT_TARGET = 10.0;
				LD_RUNPATH_SEARCH_PATHS = (
					"$(inherited)",
					"@executable_path/Frameworks",
				);
				PRODUCT_BUNDLE_IDENTIFIER = com.LukaszNiedzwiedz.UsersApp;
				PRODUCT_NAME = "$(TARGET_NAME)";
				SWIFT_VERSION = 4.0;
				TARGETED_DEVICE_FAMILY = "1,2";
			};
			name = Release;
		};
		22D341F1211861B100F44B6D /* Debug */ = {
			isa = XCBuildConfiguration;
			buildSettings = {
				ALWAYS_EMBED_SWIFT_STANDARD_LIBRARIES = YES;
				BUNDLE_LOADER = "$(TEST_HOST)";
				CODE_SIGN_STYLE = Automatic;
				DEVELOPMENT_TEAM = 4Z3292JC5M;
				INFOPLIST_FILE = UsersAppTests/Info.plist;
				LD_RUNPATH_SEARCH_PATHS = (
					"$(inherited)",
					"@executable_path/Frameworks",
					"@loader_path/Frameworks",
				);
				PRODUCT_BUNDLE_IDENTIFIER = com.LukaszNiedzwiedz.UsersAppTests;
				PRODUCT_NAME = "$(TARGET_NAME)";
				SWIFT_VERSION = 4.0;
				TARGETED_DEVICE_FAMILY = "1,2";
				TEST_HOST = "$(BUILT_PRODUCTS_DIR)/UsersApp.app/UsersApp";
			};
			name = Debug;
		};
		22D341F2211861B100F44B6D /* Release */ = {
			isa = XCBuildConfiguration;
			buildSettings = {
				ALWAYS_EMBED_SWIFT_STANDARD_LIBRARIES = YES;
				BUNDLE_LOADER = "$(TEST_HOST)";
				CODE_SIGN_STYLE = Automatic;
				DEVELOPMENT_TEAM = 4Z3292JC5M;
				INFOPLIST_FILE = UsersAppTests/Info.plist;
				LD_RUNPATH_SEARCH_PATHS = (
					"$(inherited)",
					"@executable_path/Frameworks",
					"@loader_path/Frameworks",
				);
				PRODUCT_BUNDLE_IDENTIFIER = com.LukaszNiedzwiedz.UsersAppTests;
				PRODUCT_NAME = "$(TARGET_NAME)";
				SWIFT_VERSION = 4.0;
				TARGETED_DEVICE_FAMILY = "1,2";
				TEST_HOST = "$(BUILT_PRODUCTS_DIR)/UsersApp.app/UsersApp";
			};
			name = Release;
		};
		22D34210211861EA00F44B6D /* Debug */ = {
			isa = XCBuildConfiguration;
			buildSettings = {
				CLANG_ENABLE_MODULES = YES;
				CODE_SIGN_IDENTITY = "";
				CODE_SIGN_STYLE = Automatic;
				CURRENT_PROJECT_VERSION = 1;
				DEFINES_MODULE = YES;
				DEVELOPMENT_TEAM = 4Z3292JC5M;
				DYLIB_COMPATIBILITY_VERSION = 1;
				DYLIB_CURRENT_VERSION = 1;
				DYLIB_INSTALL_NAME_BASE = "@rpath";
				INFOPLIST_FILE = Domain/Info.plist;
				INSTALL_PATH = "$(LOCAL_LIBRARY_DIR)/Frameworks";
				LD_RUNPATH_SEARCH_PATHS = (
					"$(inherited)",
					"@executable_path/Frameworks",
					"@loader_path/Frameworks",
				);
				PRODUCT_BUNDLE_IDENTIFIER = com.LukaszNiedzwiedz.Domain;
				PRODUCT_NAME = "$(TARGET_NAME:c99extidentifier)";
				SKIP_INSTALL = YES;
				SWIFT_OPTIMIZATION_LEVEL = "-Onone";
				SWIFT_VERSION = 4.0;
				TARGETED_DEVICE_FAMILY = "1,2";
				VERSIONING_SYSTEM = "apple-generic";
				VERSION_INFO_PREFIX = "";
			};
			name = Debug;
		};
		22D34211211861EA00F44B6D /* Release */ = {
			isa = XCBuildConfiguration;
			buildSettings = {
				CLANG_ENABLE_MODULES = YES;
				CODE_SIGN_IDENTITY = "";
				CODE_SIGN_STYLE = Automatic;
				CURRENT_PROJECT_VERSION = 1;
				DEFINES_MODULE = YES;
				DEVELOPMENT_TEAM = 4Z3292JC5M;
				DYLIB_COMPATIBILITY_VERSION = 1;
				DYLIB_CURRENT_VERSION = 1;
				DYLIB_INSTALL_NAME_BASE = "@rpath";
				INFOPLIST_FILE = Domain/Info.plist;
				INSTALL_PATH = "$(LOCAL_LIBRARY_DIR)/Frameworks";
				LD_RUNPATH_SEARCH_PATHS = (
					"$(inherited)",
					"@executable_path/Frameworks",
					"@loader_path/Frameworks",
				);
				PRODUCT_BUNDLE_IDENTIFIER = com.LukaszNiedzwiedz.Domain;
				PRODUCT_NAME = "$(TARGET_NAME:c99extidentifier)";
				SKIP_INSTALL = YES;
				SWIFT_VERSION = 4.0;
				TARGETED_DEVICE_FAMILY = "1,2";
				VERSIONING_SYSTEM = "apple-generic";
				VERSION_INFO_PREFIX = "";
			};
			name = Release;
		};
		22D34214211861EA00F44B6D /* Debug */ = {
			isa = XCBuildConfiguration;
			buildSettings = {
				ALWAYS_EMBED_SWIFT_STANDARD_LIBRARIES = YES;
				CODE_SIGN_STYLE = Automatic;
				DEVELOPMENT_TEAM = 4Z3292JC5M;
				INFOPLIST_FILE = DomainTests/Info.plist;
				LD_RUNPATH_SEARCH_PATHS = (
					"$(inherited)",
					"@executable_path/Frameworks",
					"@loader_path/Frameworks",
				);
				PRODUCT_BUNDLE_IDENTIFIER = com.LukaszNiedzwiedz.DomainTests;
				PRODUCT_NAME = "$(TARGET_NAME)";
				SWIFT_VERSION = 4.0;
				TARGETED_DEVICE_FAMILY = "1,2";
				TEST_HOST = "$(BUILT_PRODUCTS_DIR)/UsersApp.app/UsersApp";
			};
			name = Debug;
		};
		22D34215211861EA00F44B6D /* Release */ = {
			isa = XCBuildConfiguration;
			buildSettings = {
				ALWAYS_EMBED_SWIFT_STANDARD_LIBRARIES = YES;
				CODE_SIGN_STYLE = Automatic;
				DEVELOPMENT_TEAM = 4Z3292JC5M;
				INFOPLIST_FILE = DomainTests/Info.plist;
				LD_RUNPATH_SEARCH_PATHS = (
					"$(inherited)",
					"@executable_path/Frameworks",
					"@loader_path/Frameworks",
				);
				PRODUCT_BUNDLE_IDENTIFIER = com.LukaszNiedzwiedz.DomainTests;
				PRODUCT_NAME = "$(TARGET_NAME)";
				SWIFT_VERSION = 4.0;
				TARGETED_DEVICE_FAMILY = "1,2";
				TEST_HOST = "$(BUILT_PRODUCTS_DIR)/UsersApp.app/UsersApp";
			};
			name = Release;
		};
		22D34233211861F300F44B6D /* Debug */ = {
			isa = XCBuildConfiguration;
			buildSettings = {
				CLANG_ENABLE_MODULES = YES;
				CODE_SIGN_IDENTITY = "";
				CODE_SIGN_STYLE = Automatic;
				CURRENT_PROJECT_VERSION = 1;
				DEFINES_MODULE = YES;
				DEVELOPMENT_TEAM = 4Z3292JC5M;
				DYLIB_COMPATIBILITY_VERSION = 1;
				DYLIB_CURRENT_VERSION = 1;
				DYLIB_INSTALL_NAME_BASE = "@rpath";
				INFOPLIST_FILE = Platform/Info.plist;
				INSTALL_PATH = "$(LOCAL_LIBRARY_DIR)/Frameworks";
				LD_RUNPATH_SEARCH_PATHS = (
					"$(inherited)",
					"@executable_path/Frameworks",
					"@loader_path/Frameworks",
				);
				PRODUCT_BUNDLE_IDENTIFIER = com.LukaszNiedzwiedz.Platform;
				PRODUCT_NAME = "$(TARGET_NAME:c99extidentifier)";
				SKIP_INSTALL = YES;
				SWIFT_OPTIMIZATION_LEVEL = "-Onone";
				SWIFT_VERSION = 4.0;
				TARGETED_DEVICE_FAMILY = "1,2";
				VERSIONING_SYSTEM = "apple-generic";
				VERSION_INFO_PREFIX = "";
			};
			name = Debug;
		};
		22D34234211861F300F44B6D /* Release */ = {
			isa = XCBuildConfiguration;
			buildSettings = {
				CLANG_ENABLE_MODULES = YES;
				CODE_SIGN_IDENTITY = "";
				CODE_SIGN_STYLE = Automatic;
				CURRENT_PROJECT_VERSION = 1;
				DEFINES_MODULE = YES;
				DEVELOPMENT_TEAM = 4Z3292JC5M;
				DYLIB_COMPATIBILITY_VERSION = 1;
				DYLIB_CURRENT_VERSION = 1;
				DYLIB_INSTALL_NAME_BASE = "@rpath";
				INFOPLIST_FILE = Platform/Info.plist;
				INSTALL_PATH = "$(LOCAL_LIBRARY_DIR)/Frameworks";
				LD_RUNPATH_SEARCH_PATHS = (
					"$(inherited)",
					"@executable_path/Frameworks",
					"@loader_path/Frameworks",
				);
				PRODUCT_BUNDLE_IDENTIFIER = com.LukaszNiedzwiedz.Platform;
				PRODUCT_NAME = "$(TARGET_NAME:c99extidentifier)";
				SKIP_INSTALL = YES;
				SWIFT_VERSION = 4.0;
				TARGETED_DEVICE_FAMILY = "1,2";
				VERSIONING_SYSTEM = "apple-generic";
				VERSION_INFO_PREFIX = "";
			};
			name = Release;
		};
		22D34236211861F300F44B6D /* Debug */ = {
			isa = XCBuildConfiguration;
			buildSettings = {
				ALWAYS_EMBED_SWIFT_STANDARD_LIBRARIES = YES;
				CODE_SIGN_STYLE = Automatic;
				DEVELOPMENT_TEAM = 4Z3292JC5M;
				INFOPLIST_FILE = PlatformTests/Info.plist;
				LD_RUNPATH_SEARCH_PATHS = (
					"$(inherited)",
					"@executable_path/Frameworks",
					"@loader_path/Frameworks",
				);
				PRODUCT_BUNDLE_IDENTIFIER = com.LukaszNiedzwiedz.PlatformTests;
				PRODUCT_NAME = "$(TARGET_NAME)";
				SWIFT_VERSION = 4.0;
				TARGETED_DEVICE_FAMILY = "1,2";
				TEST_HOST = "$(BUILT_PRODUCTS_DIR)/UsersApp.app/UsersApp";
			};
			name = Debug;
		};
		22D34237211861F300F44B6D /* Release */ = {
			isa = XCBuildConfiguration;
			buildSettings = {
				ALWAYS_EMBED_SWIFT_STANDARD_LIBRARIES = YES;
				CODE_SIGN_STYLE = Automatic;
				DEVELOPMENT_TEAM = 4Z3292JC5M;
				INFOPLIST_FILE = PlatformTests/Info.plist;
				LD_RUNPATH_SEARCH_PATHS = (
					"$(inherited)",
					"@executable_path/Frameworks",
					"@loader_path/Frameworks",
				);
				PRODUCT_BUNDLE_IDENTIFIER = com.LukaszNiedzwiedz.PlatformTests;
				PRODUCT_NAME = "$(TARGET_NAME)";
				SWIFT_VERSION = 4.0;
				TARGETED_DEVICE_FAMILY = "1,2";
				TEST_HOST = "$(BUILT_PRODUCTS_DIR)/UsersApp.app/UsersApp";
			};
			name = Release;
		};
/* End XCBuildConfiguration section */

/* Begin XCConfigurationList section */
		22D341CB211861AF00F44B6D /* Build configuration list for PBXProject "UsersApp" */ = {
			isa = XCConfigurationList;
			buildConfigurations = (
				22D341EB211861B100F44B6D /* Debug */,
				22D341EC211861B100F44B6D /* Release */,
			);
			defaultConfigurationIsVisible = 0;
			defaultConfigurationName = Release;
		};
		22D341ED211861B100F44B6D /* Build configuration list for PBXNativeTarget "UsersApp" */ = {
			isa = XCConfigurationList;
			buildConfigurations = (
				22D341EE211861B100F44B6D /* Debug */,
				22D341EF211861B100F44B6D /* Release */,
			);
			defaultConfigurationIsVisible = 0;
			defaultConfigurationName = Release;
		};
		22D341F0211861B100F44B6D /* Build configuration list for PBXNativeTarget "UsersAppTests" */ = {
			isa = XCConfigurationList;
			buildConfigurations = (
				22D341F1211861B100F44B6D /* Debug */,
				22D341F2211861B100F44B6D /* Release */,
			);
			defaultConfigurationIsVisible = 0;
			defaultConfigurationName = Release;
		};
		22D3420F211861EA00F44B6D /* Build configuration list for PBXNativeTarget "Domain" */ = {
			isa = XCConfigurationList;
			buildConfigurations = (
				22D34210211861EA00F44B6D /* Debug */,
				22D34211211861EA00F44B6D /* Release */,
			);
			defaultConfigurationIsVisible = 0;
			defaultConfigurationName = Release;
		};
		22D34213211861EA00F44B6D /* Build configuration list for PBXNativeTarget "DomainTests" */ = {
			isa = XCConfigurationList;
			buildConfigurations = (
				22D34214211861EA00F44B6D /* Debug */,
				22D34215211861EA00F44B6D /* Release */,
			);
			defaultConfigurationIsVisible = 0;
			defaultConfigurationName = Release;
		};
		22D34232211861F300F44B6D /* Build configuration list for PBXNativeTarget "Platform" */ = {
			isa = XCConfigurationList;
			buildConfigurations = (
				22D34233211861F300F44B6D /* Debug */,
				22D34234211861F300F44B6D /* Release */,
			);
			defaultConfigurationIsVisible = 0;
			defaultConfigurationName = Release;
		};
		22D34235211861F300F44B6D /* Build configuration list for PBXNativeTarget "PlatformTests" */ = {
			isa = XCConfigurationList;
			buildConfigurations = (
				22D34236211861F300F44B6D /* Debug */,
				22D34237211861F300F44B6D /* Release */,
			);
			defaultConfigurationIsVisible = 0;
			defaultConfigurationName = Release;
		};
/* End XCConfigurationList section */
	};
	rootObject = 22D341C8211861AF00F44B6D /* Project object */;
}
